// !$*UTF8*$!
{
	archiveVersion = 1;
	classes = {
	};
	objectVersion = 46;
	objects = {

/* Begin PBXBuildFile section */
		D4404CAE1DC7205B0051DBE7 /* AppDelegate.swift in Sources */ = {isa = PBXBuildFile; fileRef = D4404CAD1DC7205B0051DBE7 /* AppDelegate.swift */; };
		D4404CB01DC7205B0051DBE7 /* ViewController.swift in Sources */ = {isa = PBXBuildFile; fileRef = D4404CAF1DC7205B0051DBE7 /* ViewController.swift */; };
		D4404CB31DC7205B0051DBE7 /* Main.storyboard in Resources */ = {isa = PBXBuildFile; fileRef = D4404CB11DC7205B0051DBE7 /* Main.storyboard */; };
		D4404CB51DC7205B0051DBE7 /* Assets.xcassets in Resources */ = {isa = PBXBuildFile; fileRef = D4404CB41DC7205B0051DBE7 /* Assets.xcassets */; };
		D4404CB81DC7205B0051DBE7 /* LaunchScreen.storyboard in Resources */ = {isa = PBXBuildFile; fileRef = D4404CB61DC7205B0051DBE7 /* LaunchScreen.storyboard */; };
		D4404CC31DC7205B0051DBE7 /* MailBoxTests.swift in Sources */ = {isa = PBXBuildFile; fileRef = D4404CC21DC7205B0051DBE7 /* MailBoxTests.swift */; };
		D4404CCE1DC7205B0051DBE7 /* MailBoxUITests.swift in Sources */ = {isa = PBXBuildFile; fileRef = D4404CCD1DC7205B0051DBE7 /* MailBoxUITests.swift */; };
/* End PBXBuildFile section */

/* Begin PBXContainerItemProxy section */
		D4404CBF1DC7205B0051DBE7 /* PBXContainerItemProxy */ = {
			isa = PBXContainerItemProxy;
			containerPortal = D4404CA21DC7205B0051DBE7 /* Project object */;
			proxyType = 1;
			remoteGlobalIDString = D4404CA91DC7205B0051DBE7;
			remoteInfo = MailBox;
		};
		D4404CCA1DC7205B0051DBE7 /* PBXContainerItemProxy */ = {
			isa = PBXContainerItemProxy;
			containerPortal = D4404CA21DC7205B0051DBE7 /* Project object */;
			proxyType = 1;
			remoteGlobalIDString = D4404CA91DC7205B0051DBE7;
			remoteInfo = MailBox;
		};
/* End PBXContainerItemProxy section */

/* Begin PBXFileReference section */
		D4404CAA1DC7205B0051DBE7 /* MailBox.app */ = {isa = PBXFileReference; explicitFileType = wrapper.application; includeInIndex = 0; path = MailBox.app; sourceTree = BUILT_PRODUCTS_DIR; };
		D4404CAD1DC7205B0051DBE7 /* AppDelegate.swift */ = {isa = PBXFileReference; lastKnownFileType = sourcecode.swift; path = AppDelegate.swift; sourceTree = "<group>"; };
		D4404CAF1DC7205B0051DBE7 /* ViewController.swift */ = {isa = PBXFileReference; lastKnownFileType = sourcecode.swift; path = ViewController.swift; sourceTree = "<group>"; };
		D4404CB21DC7205B0051DBE7 /* Base */ = {isa = PBXFileReference; lastKnownFileType = file.storyboard; name = Base; path = Base.lproj/Main.storyboard; sourceTree = "<group>"; };
		D4404CB41DC7205B0051DBE7 /* Assets.xcassets */ = {isa = PBXFileReference; lastKnownFileType = folder.assetcatalog; path = Assets.xcassets; sourceTree = "<group>"; };
		D4404CB71DC7205B0051DBE7 /* Base */ = {isa = PBXFileReference; lastKnownFileType = file.storyboard; name = Base; path = Base.lproj/LaunchScreen.storyboard; sourceTree = "<group>"; };
		D4404CB91DC7205B0051DBE7 /* Info.plist */ = {isa = PBXFileReference; lastKnownFileType = text.plist.xml; path = Info.plist; sourceTree = "<group>"; };
		D4404CBE1DC7205B0051DBE7 /* MailBoxTests.xctest */ = {isa = PBXFileReference; explicitFileType = wrapper.cfbundle; includeInIndex = 0; path = MailBoxTests.xctest; sourceTree = BUILT_PRODUCTS_DIR; };
		D4404CC21DC7205B0051DBE7 /* MailBoxTests.swift */ = {isa = PBXFileReference; lastKnownFileType = sourcecode.swift; path = MailBoxTests.swift; sourceTree = "<group>"; };
		D4404CC41DC7205B0051DBE7 /* Info.plist */ = {isa = PBXFileReference; lastKnownFileType = text.plist.xml; path = Info.plist; sourceTree = "<group>"; };
		D4404CC91DC7205B0051DBE7 /* MailBoxUITests.xctest */ = {isa = PBXFileReference; explicitFileType = wrapper.cfbundle; includeInIndex = 0; path = MailBoxUITests.xctest; sourceTree = BUILT_PRODUCTS_DIR; };
		D4404CCD1DC7205B0051DBE7 /* MailBoxUITests.swift */ = {isa = PBXFileReference; lastKnownFileType = sourcecode.swift; path = MailBoxUITests.swift; sourceTree = "<group>"; };
		D4404CCF1DC7205B0051DBE7 /* Info.plist */ = {isa = PBXFileReference; lastKnownFileType = text.plist.xml; path = Info.plist; sourceTree = "<group>"; };
/* End PBXFileReference section */

/* Begin PBXFrameworksBuildPhase section */
		D4404CA71DC7205B0051DBE7 /* Frameworks */ = {
			isa = PBXFrameworksBuildPhase;
			buildActionMask = 2147483647;
			files = (
			);
			runOnlyForDeploymentPostprocessing = 0;
		};
		D4404CBB1DC7205B0051DBE7 /* Frameworks */ = {
			isa = PBXFrameworksBuildPhase;
			buildActionMask = 2147483647;
			files = (
			);
			runOnlyForDeploymentPostprocessing = 0;
		};
		D4404CC61DC7205B0051DBE7 /* Frameworks */ = {
			isa = PBXFrameworksBuildPhase;
			buildActionMask = 2147483647;
			files = (
			);
			runOnlyForDeploymentPostprocessing = 0;
		};
/* End PBXFrameworksBuildPhase section */

/* Begin PBXGroup section */
		D4404CA11DC7205B0051DBE7 = {
			isa = PBXGroup;
			children = (
				D4404CAC1DC7205B0051DBE7 /* MailBox */,
				D4404CC11DC7205B0051DBE7 /* MailBoxTests */,
				D4404CCC1DC7205B0051DBE7 /* MailBoxUITests */,
				D4404CAB1DC7205B0051DBE7 /* Products */,
			);
			sourceTree = "<group>";
		};
		D4404CAB1DC7205B0051DBE7 /* Products */ = {
			isa = PBXGroup;
			children = (
				D4404CAA1DC7205B0051DBE7 /* MailBox.app */,
				D4404CBE1DC7205B0051DBE7 /* MailBoxTests.xctest */,
				D4404CC91DC7205B0051DBE7 /* MailBoxUITests.xctest */,
			);
			name = Products;
			sourceTree = "<group>";
		};
		D4404CAC1DC7205B0051DBE7 /* MailBox */ = {
			isa = PBXGroup;
			children = (
				D4404CAD1DC7205B0051DBE7 /* AppDelegate.swift */,
				D4404CAF1DC7205B0051DBE7 /* ViewController.swift */,
				D4404CB11DC7205B0051DBE7 /* Main.storyboard */,
				D4404CB41DC7205B0051DBE7 /* Assets.xcassets */,
				D4404CB61DC7205B0051DBE7 /* LaunchScreen.storyboard */,
				D4404CB91DC7205B0051DBE7 /* Info.plist */,
			);
			path = MailBox;
			sourceTree = "<group>";
		};
		D4404CC11DC7205B0051DBE7 /* MailBoxTests */ = {
			isa = PBXGroup;
			children = (
				D4404CC21DC7205B0051DBE7 /* MailBoxTests.swift */,
				D4404CC41DC7205B0051DBE7 /* Info.plist */,
			);
			path = MailBoxTests;
			sourceTree = "<group>";
		};
		D4404CCC1DC7205B0051DBE7 /* MailBoxUITests */ = {
			isa = PBXGroup;
			children = (
				D4404CCD1DC7205B0051DBE7 /* MailBoxUITests.swift */,
				D4404CCF1DC7205B0051DBE7 /* Info.plist */,
			);
			path = MailBoxUITests;
			sourceTree = "<group>";
		};
/* End PBXGroup section */

/* Begin PBXNativeTarget section */
		D4404CA91DC7205B0051DBE7 /* MailBox */ = {
			isa = PBXNativeTarget;
			buildConfigurationList = D4404CD21DC7205B0051DBE7 /* Build configuration list for PBXNativeTarget "MailBox" */;
			buildPhases = (
				D4404CA61DC7205B0051DBE7 /* Sources */,
				D4404CA71DC7205B0051DBE7 /* Frameworks */,
				D4404CA81DC7205B0051DBE7 /* Resources */,
			);
			buildRules = (
			);
			dependencies = (
			);
			name = MailBox;
			productName = MailBox;
			productReference = D4404CAA1DC7205B0051DBE7 /* MailBox.app */;
			productType = "com.apple.product-type.application";
		};
		D4404CBD1DC7205B0051DBE7 /* MailBoxTests */ = {
			isa = PBXNativeTarget;
			buildConfigurationList = D4404CD51DC7205B0051DBE7 /* Build configuration list for PBXNativeTarget "MailBoxTests" */;
			buildPhases = (
				D4404CBA1DC7205B0051DBE7 /* Sources */,
				D4404CBB1DC7205B0051DBE7 /* Frameworks */,
				D4404CBC1DC7205B0051DBE7 /* Resources */,
			);
			buildRules = (
			);
			dependencies = (
				D4404CC01DC7205B0051DBE7 /* PBXTargetDependency */,
			);
			name = MailBoxTests;
			productName = MailBoxTests;
			productReference = D4404CBE1DC7205B0051DBE7 /* MailBoxTests.xctest */;
			productType = "com.apple.product-type.bundle.unit-test";
		};
		D4404CC81DC7205B0051DBE7 /* MailBoxUITests */ = {
			isa = PBXNativeTarget;
			buildConfigurationList = D4404CD81DC7205B0051DBE7 /* Build configuration list for PBXNativeTarget "MailBoxUITests" */;
			buildPhases = (
				D4404CC51DC7205B0051DBE7 /* Sources */,
				D4404CC61DC7205B0051DBE7 /* Frameworks */,
				D4404CC71DC7205B0051DBE7 /* Resources */,
			);
			buildRules = (
			);
			dependencies = (
				D4404CCB1DC7205B0051DBE7 /* PBXTargetDependency */,
			);
			name = MailBoxUITests;
			productName = MailBoxUITests;
			productReference = D4404CC91DC7205B0051DBE7 /* MailBoxUITests.xctest */;
			productType = "com.apple.product-type.bundle.ui-testing";
		};
/* End PBXNativeTarget section */

/* Begin PBXProject section */
		D4404CA21DC7205B0051DBE7 /* Project object */ = {
			isa = PBXProject;
			attributes = {
				LastSwiftUpdateCheck = 0800;
				LastUpgradeCheck = 0800;
				ORGANIZATIONNAME = "Narasimhan, Sindhuja";
				TargetAttributes = {
					D4404CA91DC7205B0051DBE7 = {
						CreatedOnToolsVersion = 8.0;
						ProvisioningStyle = Automatic;
					};
					D4404CBD1DC7205B0051DBE7 = {
						CreatedOnToolsVersion = 8.0;
						ProvisioningStyle = Automatic;
						TestTargetID = D4404CA91DC7205B0051DBE7;
					};
					D4404CC81DC7205B0051DBE7 = {
						CreatedOnToolsVersion = 8.0;
						ProvisioningStyle = Automatic;
						TestTargetID = D4404CA91DC7205B0051DBE7;
					};
				};
			};
			buildConfigurationList = D4404CA51DC7205B0051DBE7 /* Build configuration list for PBXProject "MailBox" */;
			compatibilityVersion = "Xcode 3.2";
			developmentRegion = English;
			hasScannedForEncodings = 0;
			knownRegions = (
				en,
				Base,
			);
			mainGroup = D4404CA11DC7205B0051DBE7;
			productRefGroup = D4404CAB1DC7205B0051DBE7 /* Products */;
			projectDirPath = "";
			projectRoot = "";
			targets = (
				D4404CA91DC7205B0051DBE7 /* MailBox */,
				D4404CBD1DC7205B0051DBE7 /* MailBoxTests */,
				D4404CC81DC7205B0051DBE7 /* MailBoxUITests */,
			);
		};
/* End PBXProject section */

/* Begin PBXResourcesBuildPhase section */
		D4404CA81DC7205B0051DBE7 /* Resources */ = {
			isa = PBXResourcesBuildPhase;
			buildActionMask = 2147483647;
			files = (
				D4404CB81DC7205B0051DBE7 /* LaunchScreen.storyboard in Resources */,
				D4404CB51DC7205B0051DBE7 /* Assets.xcassets in Resources */,
				D4404CB31DC7205B0051DBE7 /* Main.storyboard in Resources */,
			);
			runOnlyForDeploymentPostprocessing = 0;
		};
		D4404CBC1DC7205B0051DBE7 /* Resources */ = {
			isa = PBXResourcesBuildPhase;
			buildActionMask = 2147483647;
			files = (
			);
			runOnlyForDeploymentPostprocessing = 0;
		};
		D4404CC71DC7205B0051DBE7 /* Resources */ = {
			isa = PBXResourcesBuildPhase;
			buildActionMask = 2147483647;
			files = (
			);
			runOnlyForDeploymentPostprocessing = 0;
		};
/* End PBXResourcesBuildPhase section */

/* Begin PBXSourcesBuildPhase section */
		D4404CA61DC7205B0051DBE7 /* Sources */ = {
			isa = PBXSourcesBuildPhase;
			buildActionMask = 2147483647;
			files = (
				D4404CB01DC7205B0051DBE7 /* ViewController.swift in Sources */,
				D4404CAE1DC7205B0051DBE7 /* AppDelegate.swift in Sources */,
			);
			runOnlyForDeploymentPostprocessing = 0;
		};
		D4404CBA1DC7205B0051DBE7 /* Sources */ = {
			isa = PBXSourcesBuildPhase;
			buildActionMask = 2147483647;
			files = (
				D4404CC31DC7205B0051DBE7 /* MailBoxTests.swift in Sources */,
			);
			runOnlyForDeploymentPostprocessing = 0;
		};
		D4404CC51DC7205B0051DBE7 /* Sources */ = {
			isa = PBXSourcesBuildPhase;
			buildActionMask = 2147483647;
			files = (
				D4404CCE1DC7205B0051DBE7 /* MailBoxUITests.swift in Sources */,
			);
			runOnlyForDeploymentPostprocessing = 0;
		};
/* End PBXSourcesBuildPhase section */

/* Begin PBXTargetDependency section */
		D4404CC01DC7205B0051DBE7 /* PBXTargetDependency */ = {
			isa = PBXTargetDependency;
			target = D4404CA91DC7205B0051DBE7 /* MailBox */;
			targetProxy = D4404CBF1DC7205B0051DBE7 /* PBXContainerItemProxy */;
		};
		D4404CCB1DC7205B0051DBE7 /* PBXTargetDependency */ = {
			isa = PBXTargetDependency;
			target = D4404CA91DC7205B0051DBE7 /* MailBox */;
			targetProxy = D4404CCA1DC7205B0051DBE7 /* PBXContainerItemProxy */;
		};
/* End PBXTargetDependency section */

/* Begin PBXVariantGroup section */
		D4404CB11DC7205B0051DBE7 /* Main.storyboard */ = {
			isa = PBXVariantGroup;
			children = (
				D4404CB21DC7205B0051DBE7 /* Base */,
			);
			name = Main.storyboard;
			sourceTree = "<group>";
		};
		D4404CB61DC7205B0051DBE7 /* LaunchScreen.storyboard */ = {
			isa = PBXVariantGroup;
			children = (
				D4404CB71DC7205B0051DBE7 /* Base */,
			);
			name = LaunchScreen.storyboard;
			sourceTree = "<group>";
		};
/* End PBXVariantGroup section */

/* Begin XCBuildConfiguration section */
		D4404CD01DC7205B0051DBE7 /* Debug */ = {
			isa = XCBuildConfiguration;
			buildSettings = {
				ALWAYS_SEARCH_USER_PATHS = NO;
				CLANG_ANALYZER_NONNULL = YES;
				CLANG_CXX_LANGUAGE_STANDARD = "gnu++0x";
				CLANG_CXX_LIBRARY = "libc++";
				CLANG_ENABLE_MODULES = YES;
				CLANG_ENABLE_OBJC_ARC = YES;
				CLANG_WARN_BOOL_CONVERSION = YES;
				CLANG_WARN_CONSTANT_CONVERSION = YES;
				CLANG_WARN_DIRECT_OBJC_ISA_USAGE = YES_ERROR;
				CLANG_WARN_DOCUMENTATION_COMMENTS = YES;
				CLANG_WARN_EMPTY_BODY = YES;
				CLANG_WARN_ENUM_CONVERSION = YES;
				CLANG_WARN_INFINITE_RECURSION = YES;
				CLANG_WARN_INT_CONVERSION = YES;
				CLANG_WARN_OBJC_ROOT_CLASS = YES_ERROR;
				CLANG_WARN_SUSPICIOUS_MOVES = YES;
				CLANG_WARN_UNREACHABLE_CODE = YES;
				CLANG_WARN__DUPLICATE_METHOD_MATCH = YES;
				"CODE_SIGN_IDENTITY[sdk=iphoneos*]" = "iPhone Developer";
				COPY_PHASE_STRIP = NO;
				DEBUG_INFORMATION_FORMAT = dwarf;
				ENABLE_STRICT_OBJC_MSGSEND = YES;
				ENABLE_TESTABILITY = YES;
				GCC_C_LANGUAGE_STANDARD = gnu99;
				GCC_DYNAMIC_NO_PIC = NO;
				GCC_NO_COMMON_BLOCKS = YES;
				GCC_OPTIMIZATION_LEVEL = 0;
				GCC_PREPROCESSOR_DEFINITIONS = (
					"DEBUG=1",
					"$(inherited)",
				);
				GCC_WARN_64_TO_32_BIT_CONVERSION = YES;
				GCC_WARN_ABOUT_RETURN_TYPE = YES_ERROR;
				GCC_WARN_UNDECLARED_SELECTOR = YES;
				GCC_WARN_UNINITIALIZED_AUTOS = YES_AGGRESSIVE;
				GCC_WARN_UNUSED_FUNCTION = YES;
				GCC_WARN_UNUSED_VARIABLE = YES;
				IPHONEOS_DEPLOYMENT_TARGET = 10.0;
				MTL_ENABLE_DEBUG_INFO = YES;
				ONLY_ACTIVE_ARCH = YES;
				SDKROOT = iphoneos;
				SWIFT_ACTIVE_COMPILATION_CONDITIONS = DEBUG;
				SWIFT_OPTIMIZATION_LEVEL = "-Onone";
			};
			name = Debug;
		};
		D4404CD11DC7205B0051DBE7 /* Release */ = {
			isa = XCBuildConfiguration;
			buildSettings = {
				ALWAYS_SEARCH_USER_PATHS = NO;
				CLANG_ANALYZER_NONNULL = YES;
				CLANG_CXX_LANGUAGE_STANDARD = "gnu++0x";
				CLANG_CXX_LIBRARY = "libc++";
				CLANG_ENABLE_MODULES = YES;
				CLANG_ENABLE_OBJC_ARC = YES;
				CLANG_WARN_BOOL_CONVERSION = YES;
				CLANG_WARN_CONSTANT_CONVERSION = YES;
				CLANG_WARN_DIRECT_OBJC_ISA_USAGE = YES_ERROR;
				CLANG_WARN_DOCUMENTATION_COMMENTS = YES;
				CLANG_WARN_EMPTY_BODY = YES;
				CLANG_WARN_ENUM_CONVERSION = YES;
				CLANG_WARN_INFINITE_RECURSION = YES;
				CLANG_WARN_INT_CONVERSION = YES;
				CLANG_WARN_OBJC_ROOT_CLASS = YES_ERROR;
				CLANG_WARN_SUSPICIOUS_MOVES = YES;
				CLANG_WARN_UNREACHABLE_CODE = YES;
				CLANG_WARN__DUPLICATE_METHOD_MATCH = YES;
				"CODE_SIGN_IDENTITY[sdk=iphoneos*]" = "iPhone Developer";
				COPY_PHASE_STRIP = NO;
				DEBUG_INFORMATION_FORMAT = "dwarf-with-dsym";
				ENABLE_NS_ASSERTIONS = NO;
				ENABLE_STRICT_OBJC_MSGSEND = YES;
				GCC_C_LANGUAGE_STANDARD = gnu99;
				GCC_NO_COMMON_BLOCKS = YES;
				GCC_WARN_64_TO_32_BIT_CONVERSION = YES;
				GCC_WARN_ABOUT_RETURN_TYPE = YES_ERROR;
				GCC_WARN_UNDECLARED_SELECTOR = YES;
				GCC_WARN_UNINITIALIZED_AUTOS = YES_AGGRESSIVE;
				GCC_WARN_UNUSED_FUNCTION = YES;
				GCC_WARN_UNUSED_VARIABLE = YES;
				IPHONEOS_DEPLOYMENT_TARGET = 10.0;
				MTL_ENABLE_DEBUG_INFO = NO;
				SDKROOT = iphoneos;
				SWIFT_OPTIMIZATION_LEVEL = "-Owholemodule";
				VALIDATE_PRODUCT = YES;
			};
			name = Release;
		};
		D4404CD31DC7205B0051DBE7 /* Debug */ = {
			isa = XCBuildConfiguration;
			buildSettings = {
				ASSETCATALOG_COMPILER_APPICON_NAME = AppIcon;
				INFOPLIST_FILE = MailBox/Info.plist;
				LD_RUNPATH_SEARCH_PATHS = "$(inherited) @executable_path/Frameworks";
				PRODUCT_BUNDLE_IDENTIFIER = com.bluetooth.MailBox;
				PRODUCT_NAME = "$(TARGET_NAME)";
				SWIFT_VERSION = 3.0;
			};
			name = Debug;
		};
		D4404CD41DC7205B0051DBE7 /* Release */ = {
			isa = XCBuildConfiguration;
			buildSettings = {
				ASSETCATALOG_COMPILER_APPICON_NAME = AppIcon;
				INFOPLIST_FILE = MailBox/Info.plist;
				LD_RUNPATH_SEARCH_PATHS = "$(inherited) @executable_path/Frameworks";
				PRODUCT_BUNDLE_IDENTIFIER = com.bluetooth.MailBox;
				PRODUCT_NAME = "$(TARGET_NAME)";
				SWIFT_VERSION = 3.0;
			};
			name = Release;
		};
		D4404CD61DC7205B0051DBE7 /* Debug */ = {
			isa = XCBuildConfiguration;
			buildSettings = {
				ALWAYS_EMBED_SWIFT_STANDARD_LIBRARIES = YES;
				BUNDLE_LOADER = "$(TEST_HOST)";
				INFOPLIST_FILE = MailBoxTests/Info.plist;
				LD_RUNPATH_SEARCH_PATHS = "$(inherited) @executable_path/Frameworks @loader_path/Frameworks";
				PRODUCT_BUNDLE_IDENTIFIER = com.bluetooth.MailBoxTests;
				PRODUCT_NAME = "$(TARGET_NAME)";
				SWIFT_VERSION = 3.0;
				TEST_HOST = "$(BUILT_PRODUCTS_DIR)/MailBox.app/MailBox";
			};
			name = Debug;
		};
		D4404CD71DC7205B0051DBE7 /* Release */ = {
			isa = XCBuildConfiguration;
			buildSettings = {
				ALWAYS_EMBED_SWIFT_STANDARD_LIBRARIES = YES;
				BUNDLE_LOADER = "$(TEST_HOST)";
				INFOPLIST_FILE = MailBoxTests/Info.plist;
				LD_RUNPATH_SEARCH_PATHS = "$(inherited) @executable_path/Frameworks @loader_path/Frameworks";
				PRODUCT_BUNDLE_IDENTIFIER = com.bluetooth.MailBoxTests;
				PRODUCT_NAME = "$(TARGET_NAME)";
				SWIFT_VERSION = 3.0;
				TEST_HOST = "$(BUILT_PRODUCTS_DIR)/MailBox.app/MailBox";
			};
			name = Release;
		};
		D4404CD91DC7205B0051DBE7 /* Debug */ = {
			isa = XCBuildConfiguration;
			buildSettings = {
				ALWAYS_EMBED_SWIFT_STANDARD_LIBRARIES = YES;
				INFOPLIST_FILE = MailBoxUITests/Info.plist;
				LD_RUNPATH_SEARCH_PATHS = "$(inherited) @executable_path/Frameworks @loader_path/Frameworks";
				PRODUCT_BUNDLE_IDENTIFIER = com.bluetooth.MailBoxUITests;
				PRODUCT_NAME = "$(TARGET_NAME)";
				SWIFT_VERSION = 3.0;
				TEST_TARGET_NAME = MailBox;
			};
			name = Debug;
		};
		D4404CDA1DC7205B0051DBE7 /* Release */ = {
			isa = XCBuildConfiguration;
			buildSettings = {
				ALWAYS_EMBED_SWIFT_STANDARD_LIBRARIES = YES;
				INFOPLIST_FILE = MailBoxUITests/Info.plist;
				LD_RUNPATH_SEARCH_PATHS = "$(inherited) @executable_path/Frameworks @loader_path/Frameworks";
				PRODUCT_BUNDLE_IDENTIFIER = com.bluetooth.MailBoxUITests;
				PRODUCT_NAME = "$(TARGET_NAME)";
				SWIFT_VERSION = 3.0;
				TEST_TARGET_NAME = MailBox;
			};
			name = Release;
		};
/* End XCBuildConfiguration section */

/* Begin XCConfigurationList section */
		D4404CA51DC7205B0051DBE7 /* Build configuration list for PBXProject "MailBox" */ = {
			isa = XCConfigurationList;
			buildConfigurations = (
				D4404CD01DC7205B0051DBE7 /* Debug */,
				D4404CD11DC7205B0051DBE7 /* Release */,
			);
			defaultConfigurationIsVisible = 0;
			defaultConfigurationName = Release;
		};
		D4404CD21DC7205B0051DBE7 /* Build configuration list for PBXNativeTarget "MailBox" */ = {
			isa = XCConfigurationList;
			buildConfigurations = (
				D4404CD31DC7205B0051DBE7 /* Debug */,
				D4404CD41DC7205B0051DBE7 /* Release */,
			);
			defaultConfigurationIsVisible = 0;
		};
		D4404CD51DC7205B0051DBE7 /* Build configuration list for PBXNativeTarget "MailBoxTests" */ = {
			isa = XCConfigurationList;
			buildConfigurations = (
				D4404CD61DC7205B0051DBE7 /* Debug */,
				D4404CD71DC7205B0051DBE7 /* Release */,
			);
			defaultConfigurationIsVisible = 0;
		};
		D4404CD81DC7205B0051DBE7 /* Build configuration list for PBXNativeTarget "MailBoxUITests" */ = {
			isa = XCConfigurationList;
			buildConfigurations = (
				D4404CD91DC7205B0051DBE7 /* Debug */,
				D4404CDA1DC7205B0051DBE7 /* Release */,
			);
			defaultConfigurationIsVisible = 0;
		};
/* End XCConfigurationList section */
	};
	rootObject = D4404CA21DC7205B0051DBE7 /* Project object */;
}
